# This file is automatically @generated by Poetry 1.4.2 and should not be changed by hand.

[[package]]
name = "colorama"
version = "0.4.6"
description = "Cross-platform colored terminal text."
category = "main"
optional = false
python-versions = "!=3.0.*,!=3.1.*,!=3.2.*,!=3.3.*,!=3.4.*,!=3.5.*,!=3.6.*,>=2.7"
files = [
    {file = "colorama-0.4.6-py2.py3-none-any.whl", hash = "sha256:4f1d9991f5acc0ca119f9d443620b77f9d6b33703e51011c16baf57afb285fc6"},
    {file = "colorama-0.4.6.tar.gz", hash = "sha256:08695f5cb7ed6e0531a20572697297273c47b8cae5a63ffc6d6ed5c201be6e44"},
]

[[package]]
name = "dynaconf"
version = "3.1.12"
description = "The dynamic configurator for your Python Project"
category = "main"
optional = false
python-versions = ">=3.8"
files = [
    {file = "dynaconf-3.1.12-py2.py3-none-any.whl", hash = "sha256:a79d7b3ad4a35af9b576c49f11cd3b23a1b04b87b63a4e9f92cc82f2b0cafeeb"},
    {file = "dynaconf-3.1.12.tar.gz", hash = "sha256:11a60bcd735f82b8a47b288f99e4ffbbd08c6c130a7be93c5d03e93fc260a5e1"},
]

[package.extras]
all = ["configobj", "hvac", "redis", "ruamel.yaml"]
configobj = ["configobj"]
ini = ["configobj"]
redis = ["redis"]
test = ["codecov", "configobj", "django", "flake8", "flake8-debugger", "flake8-print", "flake8-todo", "flask (>=0.12)", "hvac", "pep8-naming", "pytest", "pytest-cov", "pytest-mock", "pytest-xdist", "python-dotenv", "radon", "redis", "toml"]
toml = ["toml"]
vault = ["hvac"]
yaml = ["ruamel.yaml"]

[[package]]
name = "loguru"
version = "0.7.0"
description = "Python logging made (stupidly) simple"
category = "main"
optional = false
python-versions = ">=3.5"
files = [
    {file = "loguru-0.7.0-py3-none-any.whl", hash = "sha256:b93aa30099fa6860d4727f1b81f8718e965bb96253fa190fab2077aaad6d15d3"},
    {file = "loguru-0.7.0.tar.gz", hash = "sha256:1612053ced6ae84d7959dd7d5e431a0532642237ec21f7fd83ac73fe539e03e1"},
]

[package.dependencies]
colorama = {version = ">=0.3.4", markers = "sys_platform == \"win32\""}
win32-setctime = {version = ">=1.0.0", markers = "sys_platform == \"win32\""}

[package.extras]
dev = ["Sphinx (==5.3.0)", "colorama (==0.4.5)", "colorama (==0.4.6)", "freezegun (==1.1.0)", "freezegun (==1.2.2)", "mypy (==v0.910)", "mypy (==v0.971)", "mypy (==v0.990)", "pre-commit (==3.2.1)", "pytest (==6.1.2)", "pytest (==7.2.1)", "pytest-cov (==2.12.1)", "pytest-cov (==4.0.0)", "pytest-mypy-plugins (==1.10.1)", "pytest-mypy-plugins (==1.9.3)", "sphinx-autobuild (==2021.3.14)", "sphinx-rtd-theme (==1.2.0)", "tox (==3.27.1)", "tox (==4.4.6)"]

[[package]]
name = "peewee"
version = "3.16.2"
description = "a little orm"
category = "main"
optional = false
python-versions = "*"
files = [
    {file = "peewee-3.16.2.tar.gz", hash = "sha256:10769981198c7311f84a0ca8db892fa213303a8eb1305deb795a71e7bd606a91"},
]

[[package]]
name = "prettytable"
version = "3.8.0"
description = "A simple Python library for easily displaying tabular data in a visually appealing ASCII table format"
category = "main"
optional = false
python-versions = ">=3.8"
files = [
    {file = "prettytable-3.8.0-py3-none-any.whl", hash = "sha256:03481bca25ae0c28958c8cd6ac5165c159ce89f7ccde04d5c899b24b68bb13b7"},
    {file = "prettytable-3.8.0.tar.gz", hash = "sha256:031eae6a9102017e8c7c7906460d150b7ed78b20fd1d8c8be4edaf88556c07ce"},
]

[package.dependencies]
wcwidth = "*"

[package.extras]
tests = ["pytest", "pytest-cov", "pytest-lazy-fixture"]

[[package]]
name = "wcwidth"
version = "0.2.6"
description = "Measures the displayed width of unicode strings in a terminal"
category = "main"
optional = false
python-versions = "*"
files = [
    {file = "wcwidth-0.2.6-py2.py3-none-any.whl", hash = "sha256:795b138f6875577cd91bba52baf9e445cd5118fd32723b460e30a0af30ea230e"},
    {file = "wcwidth-0.2.6.tar.gz", hash = "sha256:a5220780a404dbe3353789870978e472cfe477761f06ee55077256e509b156d0"},
]

[[package]]
name = "win32-setctime"
version = "1.1.0"
description = "A small Python utility to set file creation time on Windows"
category = "main"
optional = false
python-versions = ">=3.5"
files = [
    {file = "win32_setctime-1.1.0-py3-none-any.whl", hash = "sha256:231db239e959c2fe7eb1d7dc129f11172354f98361c4fa2d6d2d7e278baa8aad"},
    {file = "win32_setctime-1.1.0.tar.gz", hash = "sha256:15cf5750465118d6929ae4de4eb46e8edae9a5634350c01ba582df868e932cb2"},
]

[package.extras]
dev = ["black (>=19.3b0)", "pytest (>=4.6.2)"]

[metadata]
lock-version = "2.0"
python-versions = "^3.11"
content-hash = "47ce6ec3bed04c8097390cd041353a761f8e5aaa9d22ff3db90c30ce4f84b633"
